
Microsoft Visual Studio Solution File, Format Version 11.00
# Visual Studio 2010
Project("{8BC9CEB8-8B4A-11D0-8D11-00A0C91BC942}") = "DrumPads", "DrumPads.vcxproj", "{684B6EE8-035F-40AF-84F3-B102134381BD}"
EndProject
Project("{8BC9CEB8-8B4A-11D0-8D11-00A0C91BC942}") = "wxAudioControls", "..\wxAudioControls\wxAudioControls.vcxproj", "{8A0DF122-86C7-4FEB-901E-CEEF329ADF9D}"
EndProject
Global
	GlobalSection(SolutionConfigurationPlatforms) = preSolution
		Debug|Win32 = Debug|Win32
		Demo Debug VST|Win32 = Demo Debug VST|Win32
		Demo Debug|Win32 = Demo Debug|Win32
		Demo Release|Win32 = Demo Release|Win32
		Release|Win32 = Release|Win32
	EndGlobalSection
	GlobalSection(ProjectConfigurationPlatforms) = postSolution
		{684B6EE8-035F-40AF-84F3-B102134381BD}.Debug|Win32.ActiveCfg = Debug|Win32
		{684B6EE8-035F-40AF-84F3-B102134381BD}.Debug|Win32.Build.0 = Debug|Win32
		{684B6EE8-035F-40AF-84F3-B102134381BD}.Demo Debug VST|Win32.ActiveCfg = Demo Release|Win32
		{684B6EE8-035F-40AF-84F3-B102134381BD}.Demo Debug VST|Win32.Build.0 = Demo Release|Win32
		{684B6EE8-035F-40AF-84F3-B102134381BD}.Demo Debug|Win32.ActiveCfg = Debug|Win32
		{684B6EE8-035F-40AF-84F3-B102134381BD}.Demo Debug|Win32.Build.0 = Debug|Win32
		{684B6EE8-035F-40AF-84F3-B102134381BD}.Demo Release|Win32.ActiveCfg = Demo Release|Win32
		{684B6EE8-035F-40AF-84F3-B102134381BD}.Demo Release|Win32.Build.0 = Demo Release|Win32
		{684B6EE8-035F-40AF-84F3-B102134381BD}.Release|Win32.ActiveCfg = Release|Win32
		{684B6EE8-035F-40AF-84F3-B102134381BD}.Release|Win32.Build.0 = Release|Win32
		{8A0DF122-86C7-4FEB-901E-CEEF329ADF9D}.Debug|Win32.ActiveCfg = Debug|Win32
		{8A0DF122-86C7-4FEB-901E-CEEF329ADF9D}.Debug|Win32.Build.0 = Debug|Win32
		{8A0DF122-86C7-4FEB-901E-CEEF329ADF9D}.Demo Debug VST|Win32.ActiveCfg = Demo Debug VST|Win32
		{8A0DF122-86C7-4FEB-901E-CEEF329ADF9D}.Demo Debug VST|Win32.Build.0 = Demo Debug VST|Win32
		{8A0DF122-86C7-4FEB-901E-CEEF329ADF9D}.Demo Debug|Win32.ActiveCfg = Demo Debug|Win32
		{8A0DF122-86C7-4FEB-901E-CEEF329ADF9D}.Demo Debug|Win32.Build.0 = Demo Debug|Win32
		{8A0DF122-86C7-4FEB-901E-CEEF329ADF9D}.Demo Release|Win32.ActiveCfg = Demo Release|Win32
		{8A0DF122-86C7-4FEB-901E-CEEF329ADF9D}.Demo Release|Win32.Build.0 = Demo Release|Win32
		{8A0DF122-86C7-4FEB-901E-CEEF329ADF9D}.Release|Win32.ActiveCfg = Release|Win32
		{8A0DF122-86C7-4FEB-901E-CEEF329ADF9D}.Release|Win32.Build.0 = Release|Win32
	EndGlobalSection
	GlobalSection(SolutionProperties) = preSolution
		HideSolutionNode = FALSE
	EndGlobalSection
EndGlobal
